// !$*UTF8*$!
{
	archiveVersion = 1;
	classes = {
	};
	objectVersion = 56;
	objects = {

/* Begin PBXBuildFile section */
		BC09B3622C6E698100735700 /* SwiftUIAnimationsApp.swift in Sources */ = {isa = PBXBuildFile; fileRef = BC09B3612C6E698100735700 /* SwiftUIAnimationsApp.swift */; };
		BC09B3642C6E698100735700 /* ContentView.swift in Sources */ = {isa = PBXBuildFile; fileRef = BC09B3632C6E698100735700 /* ContentView.swift */; };
		BC09B3662C6E698200735700 /* Assets.xcassets in Resources */ = {isa = PBXBuildFile; fileRef = BC09B3652C6E698200735700 /* Assets.xcassets */; };
		BC09B3692C6E698200735700 /* Preview Assets.xcassets in Resources */ = {isa = PBXBuildFile; fileRef = BC09B3682C6E698200735700 /* Preview Assets.xcassets */; };
		BC09B3712C6E6C8600735700 /* EaseInExample.swift in Sources */ = {isa = PBXBuildFile; fileRef = BC09B3702C6E6C8600735700 /* EaseInExample.swift */; };
		BC09B3742C6E6DD600735700 /* EaseInOutExample.swift in Sources */ = {isa = PBXBuildFile; fileRef = BC09B3732C6E6DD600735700 /* EaseInOutExample.swift */; };
		BC09B37A2C6E7C1700735700 /* LinearExample.swift in Sources */ = {isa = PBXBuildFile; fileRef = BC09B3792C6E7C1700735700 /* LinearExample.swift */; };
		BC09B37C2C6E8BEB00735700 /* LinearExample2.swift in Sources */ = {isa = PBXBuildFile; fileRef = BC09B37B2C6E8BEB00735700 /* LinearExample2.swift */; };
		BC09B37F2C6E916500735700 /* AnimationCompletionExample.swift in Sources */ = {isa = PBXBuildFile; fileRef = BC09B37E2C6E916500735700 /* AnimationCompletionExample.swift */; };
		BC09B3812C6F537700735700 /* FlipCharactersAnimation.swift in Sources */ = {isa = PBXBuildFile; fileRef = BC09B3802C6F537700735700 /* FlipCharactersAnimation.swift */; };
		BC09B3832C6F557700735700 /* StackedRectanglesExample.swift in Sources */ = {isa = PBXBuildFile; fileRef = BC09B3822C6F557700735700 /* StackedRectanglesExample.swift */; };
		BC09B3852C6F568B00735700 /* WWDC24InviteExample.swift in Sources */ = {isa = PBXBuildFile; fileRef = BC09B3842C6F568B00735700 /* WWDC24InviteExample.swift */; };
		BC09B3872C6F59FA00735700 /* CirclesAnimationExample.swift in Sources */ = {isa = PBXBuildFile; fileRef = BC09B3862C6F59FA00735700 /* CirclesAnimationExample.swift */; };
		BC09B38B2C6F8CC900735700 /* RotatingCirclesAnimation.swift in Sources */ = {isa = PBXBuildFile; fileRef = BC09B38A2C6F8CC900735700 /* RotatingCirclesAnimation.swift */; };
/* End PBXBuildFile section */

/* Begin PBXFileReference section */
		BC09B35E2C6E698100735700 /* SwiftUIAnimations.app */ = {isa = PBXFileReference; explicitFileType = wrapper.application; includeInIndex = 0; path = SwiftUIAnimations.app; sourceTree = BUILT_PRODUCTS_DIR; };
		BC09B3612C6E698100735700 /* SwiftUIAnimationsApp.swift */ = {isa = PBXFileReference; lastKnownFileType = sourcecode.swift; path = SwiftUIAnimationsApp.swift; sourceTree = "<group>"; };
		BC09B3632C6E698100735700 /* ContentView.swift */ = {isa = PBXFileReference; lastKnownFileType = sourcecode.swift; path = ContentView.swift; sourceTree = "<group>"; };
		BC09B3652C6E698200735700 /* Assets.xcassets */ = {isa = PBXFileReference; lastKnownFileType = folder.assetcatalog; path = Assets.xcassets; sourceTree = "<group>"; };
		BC09B3682C6E698200735700 /* Preview Assets.xcassets */ = {isa = PBXFileReference; lastKnownFileType = folder.assetcatalog; path = "Preview Assets.xcassets"; sourceTree = "<group>"; };
		BC09B3702C6E6C8600735700 /* EaseInExample.swift */ = {isa = PBXFileReference; lastKnownFileType = sourcecode.swift; path = EaseInExample.swift; sourceTree = "<group>"; };
		BC09B3732C6E6DD600735700 /* EaseInOutExample.swift */ = {isa = PBXFileReference; lastKnownFileType = sourcecode.swift; path = EaseInOutExample.swift; sourceTree = "<group>"; };
		BC09B3792C6E7C1700735700 /* LinearExample.swift */ = {isa = PBXFileReference; lastKnownFileType = sourcecode.swift; path = LinearExample.swift; sourceTree = "<group>"; };
		BC09B37B2C6E8BEB00735700 /* LinearExample2.swift */ = {isa = PBXFileReference; lastKnownFileType = sourcecode.swift; path = LinearExample2.swift; sourceTree = "<group>"; };
		BC09B37E2C6E916500735700 /* AnimationCompletionExample.swift */ = {isa = PBXFileReference; lastKnownFileType = sourcecode.swift; path = AnimationCompletionExample.swift; sourceTree = "<group>"; };
		BC09B3802C6F537700735700 /* FlipCharactersAnimation.swift */ = {isa = PBXFileReference; lastKnownFileType = sourcecode.swift; path = FlipCharactersAnimation.swift; sourceTree = "<group>"; };
		BC09B3822C6F557700735700 /* StackedRectanglesExample.swift */ = {isa = PBXFileReference; lastKnownFileType = sourcecode.swift; path = StackedRectanglesExample.swift; sourceTree = "<group>"; };
		BC09B3842C6F568B00735700 /* WWDC24InviteExample.swift */ = {isa = PBXFileReference; lastKnownFileType = sourcecode.swift; path = WWDC24InviteExample.swift; sourceTree = "<group>"; };
		BC09B3862C6F59FA00735700 /* CirclesAnimationExample.swift */ = {isa = PBXFileReference; lastKnownFileType = sourcecode.swift; path = CirclesAnimationExample.swift; sourceTree = "<group>"; };
		BC09B38A2C6F8CC900735700 /* RotatingCirclesAnimation.swift */ = {isa = PBXFileReference; lastKnownFileType = sourcecode.swift; path = RotatingCirclesAnimation.swift; sourceTree = "<group>"; };
/* End PBXFileReference section */

/* Begin PBXFrameworksBuildPhase section */
		BC09B35B2C6E698100735700 /* Frameworks */ = {
			isa = PBXFrameworksBuildPhase;
			buildActionMask = 2147483647;
			files = (
			);
			runOnlyForDeploymentPostprocessing = 0;
		};
/* End PBXFrameworksBuildPhase section */

/* Begin PBXGroup section */
		BC09B3552C6E698100735700 = {
			isa = PBXGroup;
			children = (
				BC09B3602C6E698100735700 /* SwiftUIAnimations */,
				BC09B35F2C6E698100735700 /* Products */,
			);
			sourceTree = "<group>";
		};
		BC09B35F2C6E698100735700 /* Products */ = {
			isa = PBXGroup;
			children = (
				BC09B35E2C6E698100735700 /* SwiftUIAnimations.app */,
			);
			name = Products;
			sourceTree = "<group>";
		};
		BC09B3602C6E698100735700 /* SwiftUIAnimations */ = {
			isa = PBXGroup;
			children = (
				BC09B37D2C6E915900735700 /* Examples */,
				BC09B3782C6E7C0900735700 /* Linear */,
				BC09B3722C6E6DC800735700 /* EaseInOut */,
				BC09B36F2C6E6C6A00735700 /* EaseIn */,
				BC09B3612C6E698100735700 /* SwiftUIAnimationsApp.swift */,
				BC09B3632C6E698100735700 /* ContentView.swift */,
				BC09B3652C6E698200735700 /* Assets.xcassets */,
				BC09B3672C6E698200735700 /* Preview Content */,
			);
			path = SwiftUIAnimations;
			sourceTree = "<group>";
		};
		BC09B3672C6E698200735700 /* Preview Content */ = {
			isa = PBXGroup;
			children = (
				BC09B3682C6E698200735700 /* Preview Assets.xcassets */,
			);
			path = "Preview Content";
			sourceTree = "<group>";
		};
		BC09B36F2C6E6C6A00735700 /* EaseIn */ = {
			isa = PBXGroup;
			children = (
				BC09B3702C6E6C8600735700 /* EaseInExample.swift */,
			);
			path = EaseIn;
			sourceTree = "<group>";
		};
		BC09B3722C6E6DC800735700 /* EaseInOut */ = {
			isa = PBXGroup;
			children = (
				BC09B3732C6E6DD600735700 /* EaseInOutExample.swift */,
			);
			path = EaseInOut;
			sourceTree = "<group>";
		};
		BC09B3782C6E7C0900735700 /* Linear */ = {
			isa = PBXGroup;
			children = (
				BC09B3792C6E7C1700735700 /* LinearExample.swift */,
				BC09B37B2C6E8BEB00735700 /* LinearExample2.swift */,
			);
			path = Linear;
			sourceTree = "<group>";
		};
		BC09B37D2C6E915900735700 /* Examples */ = {
			isa = PBXGroup;
			children = (
				BC09B37E2C6E916500735700 /* AnimationCompletionExample.swift */,
				BC09B3802C6F537700735700 /* FlipCharactersAnimation.swift */,
				BC09B3822C6F557700735700 /* StackedRectanglesExample.swift */,
				BC09B3842C6F568B00735700 /* WWDC24InviteExample.swift */,
				BC09B3862C6F59FA00735700 /* CirclesAnimationExample.swift */,
				BC09B38A2C6F8CC900735700 /* RotatingCirclesAnimation.swift */,
			);
			path = Examples;
			sourceTree = "<group>";
		};
/* End PBXGroup section */

/* Begin PBXNativeTarget section */
		BC09B35D2C6E698100735700 /* SwiftUIAnimations */ = {
			isa = PBXNativeTarget;
			buildConfigurationList = BC09B36C2C6E698200735700 /* Build configuration list for PBXNativeTarget "SwiftUIAnimations" */;
			buildPhases = (
				BC09B35A2C6E698100735700 /* Sources */,
				BC09B35B2C6E698100735700 /* Frameworks */,
				BC09B35C2C6E698100735700 /* Resources */,
			);
			buildRules = (
			);
			dependencies = (
			);
			name = SwiftUIAnimations;
			productName = SwiftUIAnimations;
			productReference = BC09B35E2C6E698100735700 /* SwiftUIAnimations.app */;
			productType = "com.apple.product-type.application";
		};
/* End PBXNativeTarget section */

/* Begin PBXProject section */
		BC09B3562C6E698100735700 /* Project object */ = {
			isa = PBXProject;
			attributes = {
				BuildIndependentTargetsInParallel = 1;
				LastSwiftUpdateCheck = 1540;
				LastUpgradeCheck = 1540;
				TargetAttributes = {
					BC09B35D2C6E698100735700 = {
						CreatedOnToolsVersion = 15.4;
					};
				};
			};
			buildConfigurationList = BC09B3592C6E698100735700 /* Build configuration list for PBXProject "SwiftUIAnimations" */;
			compatibilityVersion = "Xcode 14.0";
			developmentRegion = en;
			hasScannedForEncodings = 0;
			knownRegions = (
				en,
				Base,
			);
			mainGroup = BC09B3552C6E698100735700;
			productRefGroup = BC09B35F2C6E698100735700 /* Products */;
			projectDirPath = "";
			projectRoot = "";
			targets = (
				BC09B35D2C6E698100735700 /* SwiftUIAnimations */,
			);
		};
/* End PBXProject section */

/* Begin PBXResourcesBuildPhase section */
		BC09B35C2C6E698100735700 /* Resources */ = {
			isa = PBXResourcesBuildPhase;
			buildActionMask = 2147483647;
			files = (
				BC09B3692C6E698200735700 /* Preview Assets.xcassets in Resources */,
				BC09B3662C6E698200735700 /* Assets.xcassets in Resources */,
			);
			runOnlyForDeploymentPostprocessing = 0;
		};
/* End PBXResourcesBuildPhase section */

/* Begin PBXSourcesBuildPhase section */
		BC09B35A2C6E698100735700 /* Sources */ = {
			isa = PBXSourcesBuildPhase;
			buildActionMask = 2147483647;
			files = (
				BC09B37C2C6E8BEB00735700 /* LinearExample2.swift in Sources */,
				BC09B3712C6E6C8600735700 /* EaseInExample.swift in Sources */,
				BC09B3852C6F568B00735700 /* WWDC24InviteExample.swift in Sources */,
				BC09B3642C6E698100735700 /* ContentView.swift in Sources */,
				BC09B3812C6F537700735700 /* FlipCharactersAnimation.swift in Sources */,
				BC09B37A2C6E7C1700735700 /* LinearExample.swift in Sources */,
				BC09B3832C6F557700735700 /* StackedRectanglesExample.swift in Sources */,
				BC09B3742C6E6DD600735700 /* EaseInOutExample.swift in Sources */,
				BC09B3622C6E698100735700 /* SwiftUIAnimationsApp.swift in Sources */,
				BC09B37F2C6E916500735700 /* AnimationCompletionExample.swift in Sources */,
				BC09B38B2C6F8CC900735700 /* RotatingCirclesAnimation.swift in Sources */,
				BC09B3872C6F59FA00735700 /* CirclesAnimationExample.swift in Sources */,
			);
			runOnlyForDeploymentPostprocessing = 0;
		};
/* End PBXSourcesBuildPhase section */

/* Begin XCBuildConfiguration section */
		BC09B36A2C6E698200735700 /* Debug */ = {
			isa = XCBuildConfiguration;
			buildSettings = {
				ALWAYS_SEARCH_USER_PATHS = NO;
				ASSETCATALOG_COMPILER_GENERATE_SWIFT_ASSET_SYMBOL_EXTENSIONS = YES;
				CLANG_ANALYZER_NONNULL = YES;
				CLANG_ANALYZER_NUMBER_OBJECT_CONVERSION = YES_AGGRESSIVE;
				CLANG_CXX_LANGUAGE_STANDARD = "gnu++20";
				CLANG_ENABLE_MODULES = YES;
				CLANG_ENABLE_OBJC_ARC = YES;
				CLANG_ENABLE_OBJC_WEAK = YES;
				CLANG_WARN_BLOCK_CAPTURE_AUTORELEASING = YES;
				CLANG_WARN_BOOL_CONVERSION = YES;
				CLANG_WARN_COMMA = YES;
				CLANG_WARN_CONSTANT_CONVERSION = YES;
				CLANG_WARN_DEPRECATED_OBJC_IMPLEMENTATIONS = YES;
				CLANG_WARN_DIRECT_OBJC_ISA_USAGE = YES_ERROR;
				CLANG_WARN_DOCUMENTATION_COMMENTS = YES;
				CLANG_WARN_EMPTY_BODY = YES;
				CLANG_WARN_ENUM_CONVERSION = YES;
				CLANG_WARN_INFINITE_RECURSION = YES;
				CLANG_WARN_INT_CONVERSION = YES;
				CLANG_WARN_NON_LITERAL_NULL_CONVERSION = YES;
				CLANG_WARN_OBJC_IMPLICIT_RETAIN_SELF = YES;
				CLANG_WARN_OBJC_LITERAL_CONVERSION = YES;
				CLANG_WARN_OBJC_ROOT_CLASS = YES_ERROR;
				CLANG_WARN_QUOTED_INCLUDE_IN_FRAMEWORK_HEADER = YES;
				CLANG_WARN_RANGE_LOOP_ANALYSIS = YES;
				CLANG_WARN_STRICT_PROTOTYPES = YES;
				CLANG_WARN_SUSPICIOUS_MOVE = YES;
				CLANG_WARN_UNGUARDED_AVAILABILITY = YES_AGGRESSIVE;
				CLANG_WARN_UNREACHABLE_CODE = YES;
				CLANG_WARN__DUPLICATE_METHOD_MATCH = YES;
				COPY_PHASE_STRIP = NO;
				DEBUG_INFORMATION_FORMAT = dwarf;
				ENABLE_STRICT_OBJC_MSGSEND = YES;
				ENABLE_TESTABILITY = YES;
				ENABLE_USER_SCRIPT_SANDBOXING = YES;
				GCC_C_LANGUAGE_STANDARD = gnu17;
				GCC_DYNAMIC_NO_PIC = NO;
				GCC_NO_COMMON_BLOCKS = YES;
				GCC_OPTIMIZATION_LEVEL = 0;
				GCC_PREPROCESSOR_DEFINITIONS = (
					"DEBUG=1",
					"$(inherited)",
				);
				GCC_WARN_64_TO_32_BIT_CONVERSION = YES;
				GCC_WARN_ABOUT_RETURN_TYPE = YES_ERROR;
				GCC_WARN_UNDECLARED_SELECTOR = YES;
				GCC_WARN_UNINITIALIZED_AUTOS = YES_AGGRESSIVE;
				GCC_WARN_UNUSED_FUNCTION = YES;
				GCC_WARN_UNUSED_VARIABLE = YES;
				IPHONEOS_DEPLOYMENT_TARGET = 17.5;
				LOCALIZATION_PREFERS_STRING_CATALOGS = YES;
				MTL_ENABLE_DEBUG_INFO = INCLUDE_SOURCE;
				MTL_FAST_MATH = YES;
				ONLY_ACTIVE_ARCH = YES;
				SDKROOT = iphoneos;
				SWIFT_ACTIVE_COMPILATION_CONDITIONS = "DEBUG $(inherited)";
				SWIFT_OPTIMIZATION_LEVEL = "-Onone";
			};
			name = Debug;
		};
		BC09B36B2C6E698200735700 /* Release */ = {
			isa = XCBuildConfiguration;
			buildSettings = {
				ALWAYS_SEARCH_USER_PATHS = NO;
				ASSETCATALOG_COMPILER_GENERATE_SWIFT_ASSET_SYMBOL_EXTENSIONS = YES;
				CLANG_ANALYZER_NONNULL = YES;
				CLANG_ANALYZER_NUMBER_OBJECT_CONVERSION = YES_AGGRESSIVE;
				CLANG_CXX_LANGUAGE_STANDARD = "gnu++20";
				CLANG_ENABLE_MODULES = YES;
				CLANG_ENABLE_OBJC_ARC = YES;
				CLANG_ENABLE_OBJC_WEAK = YES;
				CLANG_WARN_BLOCK_CAPTURE_AUTORELEASING = YES;
				CLANG_WARN_BOOL_CONVERSION = YES;
				CLANG_WARN_COMMA = YES;
				CLANG_WARN_CONSTANT_CONVERSION = YES;
				CLANG_WARN_DEPRECATED_OBJC_IMPLEMENTATIONS = YES;
				CLANG_WARN_DIRECT_OBJC_ISA_USAGE = YES_ERROR;
				CLANG_WARN_DOCUMENTATION_COMMENTS = YES;
				CLANG_WARN_EMPTY_BODY = YES;
				CLANG_WARN_ENUM_CONVERSION = YES;
				CLANG_WARN_INFINITE_RECURSION = YES;
				CLANG_WARN_INT_CONVERSION = YES;
				CLANG_WARN_NON_LITERAL_NULL_CONVERSION = YES;
				CLANG_WARN_OBJC_IMPLICIT_RETAIN_SELF = YES;
				CLANG_WARN_OBJC_LITERAL_CONVERSION = YES;
				CLANG_WARN_OBJC_ROOT_CLASS = YES_ERROR;
				CLANG_WARN_QUOTED_INCLUDE_IN_FRAMEWORK_HEADER = YES;
				CLANG_WARN_RANGE_LOOP_ANALYSIS = YES;
				CLANG_WARN_STRICT_PROTOTYPES = YES;
				CLANG_WARN_SUSPICIOUS_MOVE = YES;
				CLANG_WARN_UNGUARDED_AVAILABILITY = YES_AGGRESSIVE;
				CLANG_WARN_UNREACHABLE_CODE = YES;
				CLANG_WARN__DUPLICATE_METHOD_MATCH = YES;
				COPY_PHASE_STRIP = NO;
				DEBUG_INFORMATION_FORMAT = "dwarf-with-dsym";
				ENABLE_NS_ASSERTIONS = NO;
				ENABLE_STRICT_OBJC_MSGSEND = YES;
				ENABLE_USER_SCRIPT_SANDBOXING = YES;
				GCC_C_LANGUAGE_STANDARD = gnu17;
				GCC_NO_COMMON_BLOCKS = YES;
				GCC_WARN_64_TO_32_BIT_CONVERSION = YES;
				GCC_WARN_ABOUT_RETURN_TYPE = YES_ERROR;
				GCC_WARN_UNDECLARED_SELECTOR = YES;
				GCC_WARN_UNINITIALIZED_AUTOS = YES_AGGRESSIVE;
				GCC_WARN_UNUSED_FUNCTION = YES;
				GCC_WARN_UNUSED_VARIABLE = YES;
				IPHONEOS_DEPLOYMENT_TARGET = 17.5;
				LOCALIZATION_PREFERS_STRING_CATALOGS = YES;
				MTL_ENABLE_DEBUG_INFO = NO;
				MTL_FAST_MATH = YES;
				SDKROOT = iphoneos;
				SWIFT_COMPILATION_MODE = wholemodule;
				VALIDATE_PRODUCT = YES;
			};
			name = Release;
		};
		BC09B36D2C6E698200735700 /* Debug */ = {
			isa = XCBuildConfiguration;
			buildSettings = {
				ASSETCATALOG_COMPILER_APPICON_NAME = AppIcon;
				ASSETCATALOG_COMPILER_GLOBAL_ACCENT_COLOR_NAME = AccentColor;
				CODE_SIGN_STYLE = Automatic;
				CURRENT_PROJECT_VERSION = 1;
				DEVELOPMENT_ASSET_PATHS = "\"SwiftUIAnimations/Preview Content\"";
				ENABLE_PREVIEWS = YES;
				GENERATE_INFOPLIST_FILE = YES;
				INFOPLIST_KEY_UIApplicationSceneManifest_Generation = YES;
				INFOPLIST_KEY_UIApplicationSupportsIndirectInputEvents = YES;
				INFOPLIST_KEY_UILaunchScreen_Generation = YES;
				INFOPLIST_KEY_UISupportedInterfaceOrientations_iPad = "UIInterfaceOrientationPortrait UIInterfaceOrientationPortraitUpsideDown UIInterfaceOrientationLandscapeLeft UIInterfaceOrientationLandscapeRight";
				INFOPLIST_KEY_UISupportedInterfaceOrientations_iPhone = "UIInterfaceOrientationPortrait UIInterfaceOrientationLandscapeLeft UIInterfaceOrientationLandscapeRight";
				LD_RUNPATH_SEARCH_PATHS = (
					"$(inherited)",
					"@executable_path/Frameworks",
				);
				MARKETING_VERSION = 1.0;
				PRODUCT_BUNDLE_IDENTIFIER = com.burak.SwiftUIAnimations;
				PRODUCT_NAME = "$(TARGET_NAME)";
				SWIFT_EMIT_LOC_STRINGS = YES;
				SWIFT_VERSION = 5.0;
				TARGETED_DEVICE_FAMILY = "1,2";
			};
			name = Debug;
		};
		BC09B36E2C6E698200735700 /* Release */ = {
			isa = XCBuildConfiguration;
			buildSettings = {
				ASSETCATALOG_COMPILER_APPICON_NAME = AppIcon;
				ASSETCATALOG_COMPILER_GLOBAL_ACCENT_COLOR_NAME = AccentColor;
				CODE_SIGN_STYLE = Automatic;
				CURRENT_PROJECT_VERSION = 1;
				DEVELOPMENT_ASSET_PATHS = "\"SwiftUIAnimations/Preview Content\"";
				ENABLE_PREVIEWS = YES;
				GENERATE_INFOPLIST_FILE = YES;
				INFOPLIST_KEY_UIApplicationSceneManifest_Generation = YES;
				INFOPLIST_KEY_UIApplicationSupportsIndirectInputEvents = YES;
				INFOPLIST_KEY_UILaunchScreen_Generation = YES;
				INFOPLIST_KEY_UISupportedInterfaceOrientations_iPad = "UIInterfaceOrientationPortrait UIInterfaceOrientationPortraitUpsideDown UIInterfaceOrientationLandscapeLeft UIInterfaceOrientationLandscapeRight";
				INFOPLIST_KEY_UISupportedInterfaceOrientations_iPhone = "UIInterfaceOrientationPortrait UIInterfaceOrientationLandscapeLeft UIInterfaceOrientationLandscapeRight";
				LD_RUNPATH_SEARCH_PATHS = (
					"$(inherited)",
					"@executable_path/Frameworks",
				);
				MARKETING_VERSION = 1.0;
				PRODUCT_BUNDLE_IDENTIFIER = com.burak.SwiftUIAnimations;
				PRODUCT_NAME = "$(TARGET_NAME)";
				SWIFT_EMIT_LOC_STRINGS = YES;
				SWIFT_VERSION = 5.0;
				TARGETED_DEVICE_FAMILY = "1,2";
			};
			name = Release;
		};
/* End XCBuildConfiguration section */

/* Begin XCConfigurationList section */
		BC09B3592C6E698100735700 /* Build configuration list for PBXProject "SwiftUIAnimations" */ = {
			isa = XCConfigurationList;
			buildConfigurations = (
				BC09B36A2C6E698200735700 /* Debug */,
				BC09B36B2C6E698200735700 /* Release */,
			);
			defaultConfigurationIsVisible = 0;
			defaultConfigurationName = Release;
		};
		BC09B36C2C6E698200735700 /* Build configuration list for PBXNativeTarget "SwiftUIAnimations" */ = {
			isa = XCConfigurationList;
			buildConfigurations = (
				BC09B36D2C6E698200735700 /* Debug */,
				BC09B36E2C6E698200735700 /* Release */,
			);
			defaultConfigurationIsVisible = 0;
			defaultConfigurationName = Release;
		};
/* End XCConfigurationList section */
	};
	rootObject = BC09B3562C6E698100735700 /* Project object */;
}
